// !$*UTF8*$!
{
	archiveVersion = 1;
	classes = {
	};
	objectVersion = 46;
	objects = {

/* Begin PBXBuildFile section */
		B148E6C11CFF9CE10010D1E8 /* AppDelegate.swift in Sources */ = {isa = PBXBuildFile; fileRef = B148E6C01CFF9CE10010D1E8 /* AppDelegate.swift */; };
		B148E6C31CFF9CE10010D1E8 /* ViewController.swift in Sources */ = {isa = PBXBuildFile; fileRef = B148E6C21CFF9CE10010D1E8 /* ViewController.swift */; };
		B148E6C61CFF9CE10010D1E8 /* Main.storyboard in Resources */ = {isa = PBXBuildFile; fileRef = B148E6C41CFF9CE10010D1E8 /* Main.storyboard */; };
		B148E6C81CFF9CE10010D1E8 /* Assets.xcassets in Resources */ = {isa = PBXBuildFile; fileRef = B148E6C71CFF9CE10010D1E8 /* Assets.xcassets */; };
		B148E6CB1CFF9CE10010D1E8 /* LaunchScreen.storyboard in Resources */ = {isa = PBXBuildFile; fileRef = B148E6C91CFF9CE10010D1E8 /* LaunchScreen.storyboard */; };
		B1A367FC1D04E56B00444D99 /* TodoList.swift in Sources */ = {isa = PBXBuildFile; fileRef = B1A367FB1D04E56B00444D99 /* TodoList.swift */; };
/* End PBXBuildFile section */

/* Begin PBXFileReference section */
		B148E6BD1CFF9CE10010D1E8 /* superDoodle.app */ = {isa = PBXFileReference; explicitFileType = wrapper.application; includeInIndex = 0; path = superDoodle.app; sourceTree = BUILT_PRODUCTS_DIR; };
		B148E6C01CFF9CE10010D1E8 /* AppDelegate.swift */ = {isa = PBXFileReference; lastKnownFileType = sourcecode.swift; path = AppDelegate.swift; sourceTree = "<group>"; };
		B148E6C21CFF9CE10010D1E8 /* ViewController.swift */ = {isa = PBXFileReference; lastKnownFileType = sourcecode.swift; path = ViewController.swift; sourceTree = "<group>"; };
		B148E6C51CFF9CE10010D1E8 /* Base */ = {isa = PBXFileReference; lastKnownFileType = file.storyboard; name = Base; path = Base.lproj/Main.storyboard; sourceTree = "<group>"; };
		B148E6C71CFF9CE10010D1E8 /* Assets.xcassets */ = {isa = PBXFileReference; lastKnownFileType = folder.assetcatalog; path = Assets.xcassets; sourceTree = "<group>"; };
		B148E6CA1CFF9CE10010D1E8 /* Base */ = {isa = PBXFileReference; lastKnownFileType = file.storyboard; name = Base; path = Base.lproj/LaunchScreen.storyboard; sourceTree = "<group>"; };
		B148E6CC1CFF9CE10010D1E8 /* Info.plist */ = {isa = PBXFileReference; lastKnownFileType = text.plist.xml; path = Info.plist; sourceTree = "<group>"; };
		B1A367FB1D04E56B00444D99 /* TodoList.swift */ = {isa = PBXFileReference; fileEncoding = 4; lastKnownFileType = sourcecode.swift; path = TodoList.swift; sourceTree = "<group>"; };
/* End PBXFileReference section */

/* Begin PBXFrameworksBuildPhase section */
		B148E6BA1CFF9CE10010D1E8 /* Frameworks */ = {
			isa = PBXFrameworksBuildPhase;
			buildActionMask = 2147483647;
			files = (
			);
			runOnlyForDeploymentPostprocessing = 0;
		};
/* End PBXFrameworksBuildPhase section */

/* Begin PBXGroup section */
		B148E6B41CFF9CE10010D1E8 = {
			isa = PBXGroup;
			children = (
				B148E6BF1CFF9CE10010D1E8 /* superDoodle */,
				B148E6BE1CFF9CE10010D1E8 /* Products */,
			);
			sourceTree = "<group>";
		};
		B148E6BE1CFF9CE10010D1E8 /* Products */ = {
			isa = PBXGroup;
			children = (
				B148E6BD1CFF9CE10010D1E8 /* superDoodle.app */,
			);
			name = Products;
			sourceTree = "<group>";
		};
		B148E6BF1CFF9CE10010D1E8 /* superDoodle */ = {
			isa = PBXGroup;
			children = (
				B148E6C01CFF9CE10010D1E8 /* AppDelegate.swift */,
				B1A367FB1D04E56B00444D99 /* TodoList.swift */,
				B148E6C21CFF9CE10010D1E8 /* ViewController.swift */,
				B148E6C41CFF9CE10010D1E8 /* Main.storyboard */,
				B148E6C71CFF9CE10010D1E8 /* Assets.xcassets */,
				B148E6C91CFF9CE10010D1E8 /* LaunchScreen.storyboard */,
				B148E6CC1CFF9CE10010D1E8 /* Info.plist */,
			);
			path = superDoodle;
			sourceTree = "<group>";
		};
/* End PBXGroup section */

/* Begin PBXNativeTarget section */
		B148E6BC1CFF9CE10010D1E8 /* superDoodle */ = {
			isa = PBXNativeTarget;
			buildConfigurationList = B148E6CF1CFF9CE10010D1E8 /* Build configuration list for PBXNativeTarget "superDoodle" */;
			buildPhases = (
				B148E6B91CFF9CE10010D1E8 /* Sources */,
				B148E6BA1CFF9CE10010D1E8 /* Frameworks */,
				B148E6BB1CFF9CE10010D1E8 /* Resources */,
			);
			buildRules = (
			);
			dependencies = (
			);
			name = superDoodle;
			productName = superDoodle;
			productReference = B148E6BD1CFF9CE10010D1E8 /* superDoodle.app */;
			productType = "com.apple.product-type.application";
		};
/* End PBXNativeTarget section */

/* Begin PBXProject section */
		B148E6B51CFF9CE10010D1E8 /* Project object */ = {
			isa = PBXProject;
			attributes = {
				LastSwiftUpdateCheck = 0730;
				LastUpgradeCheck = 0730;
				ORGANIZATIONNAME = FunderDevelopment;
				TargetAttributes = {
					B148E6BC1CFF9CE10010D1E8 = {
						CreatedOnToolsVersion = 7.3.1;
					};
				};
			};
			buildConfigurationList = B148E6B81CFF9CE10010D1E8 /* Build configuration list for PBXProject "superDoodle" */;
			compatibilityVersion = "Xcode 3.2";
			developmentRegion = English;
			hasScannedForEncodings = 0;
			knownRegions = (
				en,
				Base,
			);
			mainGroup = B148E6B41CFF9CE10010D1E8;
			productRefGroup = B148E6BE1CFF9CE10010D1E8 /* Products */;
			projectDirPath = "";
			projectRoot = "";
			targets = (
				B148E6BC1CFF9CE10010D1E8 /* superDoodle */,
			);
		};
/* End PBXProject section */

/* Begin PBXResourcesBuildPhase section */
		B148E6BB1CFF9CE10010D1E8 /* Resources */ = {
			isa = PBXResourcesBuildPhase;
			buildActionMask = 2147483647;
			files = (
				B148E6CB1CFF9CE10010D1E8 /* LaunchScreen.storyboard in Resources */,
				B148E6C81CFF9CE10010D1E8 /* Assets.xcassets in Resources */,
				B148E6C61CFF9CE10010D1E8 /* Main.storyboard in Resources */,
			);
			runOnlyForDeploymentPostprocessing = 0;
		};
/* End PBXResourcesBuildPhase section */

/* Begin PBXSourcesBuildPhase section */
		B148E6B91CFF9CE10010D1E8 /* Sources */ = {
			isa = PBXSourcesBuildPhase;
			buildActionMask = 2147483647;
			files = (
				B1A367FC1D04E56B00444D99 /* TodoList.swift in Sources */,
				B148E6C31CFF9CE10010D1E8 /* ViewController.swift in Sources */,
				B148E6C11CFF9CE10010D1E8 /* AppDelegate.swift in Sources */,
			);
			runOnlyForDeploymentPostprocessing = 0;
		};
/* End PBXSourcesBuildPhase section */

/* Begin PBXVariantGroup section */
		B148E6C41CFF9CE10010D1E8 /* Main.storyboard */ = {
			isa = PBXVariantGroup;
			children = (
				B148E6C51CFF9CE10010D1E8 /* Base */,
			);
			name = Main.storyboard;
			sourceTree = "<group>";
		};
		B148E6C91CFF9CE10010D1E8 /* LaunchScreen.storyboard */ = {
			isa = PBXVariantGroup;
			children = (
				B148E6CA1CFF9CE10010D1E8 /* Base */,
			);
			name = LaunchScreen.storyboard;
			sourceTree = "<group>";
		};
/* End PBXVariantGroup section */

/* Begin XCBuildConfiguration section */
		B148E6CD1CFF9CE10010D1E8 /* Debug */ = {
			isa = XCBuildConfiguration;
			buildSettings = {
				ALWAYS_SEARCH_USER_PATHS = NO;
				CLANG_ANALYZER_NONNULL = YES;
				CLANG_CXX_LANGUAGE_STANDARD = "gnu++0x";
				CLANG_CXX_LIBRARY = "libc++";
				CLANG_ENABLE_MODULES = YES;
				CLANG_ENABLE_OBJC_ARC = YES;
				CLANG_WARN_BOOL_CONVERSION = YES;
				CLANG_WARN_CONSTANT_CONVERSION = YES;
				CLANG_WARN_DIRECT_OBJC_ISA_USAGE = YES_ERROR;
				CLANG_WARN_EMPTY_BODY = YES;
				CLANG_WARN_ENUM_CONVERSION = YES;
				CLANG_WARN_INT_CONVERSION = YES;
				CLANG_WARN_OBJC_ROOT_CLASS = YES_ERROR;
				CLANG_WARN_UNREACHABLE_CODE = YES;
				CLANG_WARN__DUPLICATE_METHOD_MATCH = YES;
				"CODE_SIGN_IDENTITY[sdk=iphoneos*]" = "iPhone Developer";
				COPY_PHASE_STRIP = NO;
				DEBUG_INFORMATION_FORMAT = dwarf;
				ENABLE_STRICT_OBJC_MSGSEND = YES;
				ENABLE_TESTABILITY = YES;
				GCC_C_LANGUAGE_STANDARD = gnu99;
				GCC_DYNAMIC_NO_PIC = NO;
				GCC_NO_COMMON_BLOCKS = YES;
				GCC_OPTIMIZATION_LEVEL = 0;
				GCC_PREPROCESSOR_DEFINITIONS = (
					"DEBUG=1",
					"$(inherited)",
				);
				GCC_WARN_64_TO_32_BIT_CONVERSION = YES;
				GCC_WARN_ABOUT_RETURN_TYPE = YES_ERROR;
				GCC_WARN_UNDECLARED_SELECTOR = YES;
				GCC_WARN_UNINITIALIZED_AUTOS = YES_AGGRESSIVE;
				GCC_WARN_UNUSED_FUNCTION = YES;
				GCC_WARN_UNUSED_VARIABLE = YES;
				IPHONEOS_DEPLOYMENT_TARGET = 9.3;
				MTL_ENABLE_DEBUG_INFO = YES;
				ONLY_ACTIVE_ARCH = YES;
				SDKROOT = iphoneos;
				SWIFT_OPTIMIZATION_LEVEL = "-Onone";
			};
			name = Debug;
		};
		B148E6CE1CFF9CE10010D1E8 /* Release */ = {
			isa = XCBuildConfiguration;
			buildSettings = {
				ALWAYS_SEARCH_USER_PATHS = NO;
				CLANG_ANALYZER_NONNULL = YES;
				CLANG_CXX_LANGUAGE_STANDARD = "gnu++0x";
				CLANG_CXX_LIBRARY = "libc++";
				CLANG_ENABLE_MODULES = YES;
				CLANG_ENABLE_OBJC_ARC = YES;
				CLANG_WARN_BOOL_CONVERSION = YES;
				CLANG_WARN_CONSTANT_CONVERSION = YES;
				CLANG_WARN_DIRECT_OBJC_ISA_USAGE = YES_ERROR;
				CLANG_WARN_EMPTY_BODY = YES;
				CLANG_WARN_ENUM_CONVERSION = YES;
				CLANG_WARN_INT_CONVERSION = YES;
				CLANG_WARN_OBJC_ROOT_CLASS = YES_ERROR;
				CLANG_WARN_UNREACHABLE_CODE = YES;
				CLANG_WARN__DUPLICATE_METHOD_MATCH = YES;
				"CODE_SIGN_IDENTITY[sdk=iphoneos*]" = "iPhone Developer";
				COPY_PHASE_STRIP = NO;
				DEBUG_INFORMATION_FORMAT = "dwarf-with-dsym";
				ENABLE_NS_ASSERTIONS = NO;
				ENABLE_STRICT_OBJC_MSGSEND = YES;
				GCC_C_LANGUAGE_STANDARD = gnu99;
				GCC_NO_COMMON_BLOCKS = YES;
				GCC_WARN_64_TO_32_BIT_CONVERSION = YES;
				GCC_WARN_ABOUT_RETURN_TYPE = YES_ERROR;
				GCC_WARN_UNDECLARED_SELECTOR = YES;
				GCC_WARN_UNINITIALIZED_AUTOS = YES_AGGRESSIVE;
				GCC_WARN_UNUSED_FUNCTION = YES;
				GCC_WARN_UNUSED_VARIABLE = YES;
				IPHONEOS_DEPLOYMENT_TARGET = 9.3;
				MTL_ENABLE_DEBUG_INFO = NO;
				SDKROOT = iphoneos;
				VALIDATE_PRODUCT = YES;
			};
			name = Release;
		};
		B148E6D01CFF9CE10010D1E8 /* Debug */ = {
			isa = XCBuildConfiguration;
			buildSettings = {
				ASSETCATALOG_COMPILER_APPICON_NAME = AppIcon;
				INFOPLIST_FILE = superDoodle/Info.plist;
				LD_RUNPATH_SEARCH_PATHS = "$(inherited) @executable_path/Frameworks";
				PRODUCT_BUNDLE_IDENTIFIER = funderDevelopment.superDoodle;
				PRODUCT_NAME = "$(TARGET_NAME)";
			};
			name = Debug;
		};
		B148E6D11CFF9CE10010D1E8 /* Release */ = {
			isa = XCBuildConfiguration;
			buildSettings = {
				ASSETCATALOG_COMPILER_APPICON_NAME = AppIcon;
				INFOPLIST_FILE = superDoodle/Info.plist;
				LD_RUNPATH_SEARCH_PATHS = "$(inherited) @executable_path/Frameworks";
				PRODUCT_BUNDLE_IDENTIFIER = funderDevelopment.superDoodle;
				PRODUCT_NAME = "$(TARGET_NAME)";
			};
			name = Release;
		};
/* End XCBuildConfiguration section */

/* Begin XCConfigurationList section */
		B148E6B81CFF9CE10010D1E8 /* Build configuration list for PBXProject "superDoodle" */ = {
			isa = XCConfigurationList;
			buildConfigurations = (
				B148E6CD1CFF9CE10010D1E8 /* Debug */,
				B148E6CE1CFF9CE10010D1E8 /* Release */,
			);
			defaultConfigurationIsVisible = 0;
			defaultConfigurationName = Release;
		};
		B148E6CF1CFF9CE10010D1E8 /* Build configuration list for PBXNativeTarget "superDoodle" */ = {
			isa = XCConfigurationList;
			buildConfigurations = (
				B148E6D01CFF9CE10010D1E8 /* Debug */,
				B148E6D11CFF9CE10010D1E8 /* Release */,
			);
			defaultConfigurationIsVisible = 0;
			defaultConfigurationName = Release;
		};
/* End XCConfigurationList section */
	};
	rootObject = B148E6B51CFF9CE10010D1E8 /* Project object */;
}
